
Microsoft Visual Studio Solution File, Format Version 12.00
# Visual Studio Version 16
VisualStudioVersion = 16.0.29709.97
MinimumVisualStudioVersion = 10.0.40219.1
Project("{9A19103F-16F7-4668-BE54-9A1E7A4F7556}") = "NetCore.Web", "NetCore.Web\NetCore.Web.csproj", "{9D771352-3BF3-40FE-BE9B-E9F3395932A8}"
EndProject
Project("{FAE04EC0-301F-11D3-BF4B-00C04F79EFBC}") = "NetCore.Data.Abstractions", "NetCore.Data.Abstractions\NetCore.Data.Abstractions.csproj", "{8BD62343-05E7-4674-B47B-8153DC4D9B04}"
EndProject
Project("{FAE04EC0-301F-11D3-BF4B-00C04F79EFBC}") = "NetCore.Data", "NetCore.Data\NetCore.Data.csproj", "{5022A3C3-9C68-4916-9BA1-F10A4FCECB9C}"
EndProject
Project("{FAE04EC0-301F-11D3-BF4B-00C04F79EFBC}") = "NetCore.Data.Azure.Cosmos", "NetCore.Data.Azure.Cosmos\NetCore.Data.Azure.Cosmos.csproj", "{8E2FAEB3-0334-4E48-A604-AB6F6B7793F8}"
EndProject
Global
	GlobalSection(SolutionConfigurationPlatforms) = preSolution
		Debug|Any CPU = Debug|Any CPU
		Release|Any CPU = Release|Any CPU
	EndGlobalSection
	GlobalSection(ProjectConfigurationPlatforms) = postSolution
		{9D771352-3BF3-40FE-BE9B-E9F3395932A8}.Debug|Any CPU.ActiveCfg = Debug|Any CPU
		{9D771352-3BF3-40FE-BE9B-E9F3395932A8}.Debug|Any CPU.Build.0 = Debug|Any CPU
		{9D771352-3BF3-40FE-BE9B-E9F3395932A8}.Release|Any CPU.ActiveCfg = Release|Any CPU
		{9D771352-3BF3-40FE-BE9B-E9F3395932A8}.Release|Any CPU.Build.0 = Release|Any CPU
		{8BD62343-05E7-4674-B47B-8153DC4D9B04}.Debug|Any CPU.ActiveCfg = Debug|Any CPU
		{8BD62343-05E7-4674-B47B-8153DC4D9B04}.Debug|Any CPU.Build.0 = Debug|Any CPU
		{8BD62343-05E7-4674-B47B-8153DC4D9B04}.Release|Any CPU.ActiveCfg = Release|Any CPU
		{8BD62343-05E7-4674-B47B-8153DC4D9B04}.Release|Any CPU.Build.0 = Release|Any CPU
		{5022A3C3-9C68-4916-9BA1-F10A4FCECB9C}.Debug|Any CPU.ActiveCfg = Debug|Any CPU
		{5022A3C3-9C68-4916-9BA1-F10A4FCECB9C}.Debug|Any CPU.Build.0 = Debug|Any CPU
		{5022A3C3-9C68-4916-9BA1-F10A4FCECB9C}.Release|Any CPU.ActiveCfg = Release|Any CPU
		{5022A3C3-9C68-4916-9BA1-F10A4FCECB9C}.Release|Any CPU.Build.0 = Release|Any CPU
		{8E2FAEB3-0334-4E48-A604-AB6F6B7793F8}.Debug|Any CPU.ActiveCfg = Debug|Any CPU
		{8E2FAEB3-0334-4E48-A604-AB6F6B7793F8}.Debug|Any CPU.Build.0 = Debug|Any CPU
		{8E2FAEB3-0334-4E48-A604-AB6F6B7793F8}.Release|Any CPU.ActiveCfg = Release|Any CPU
		{8E2FAEB3-0334-4E48-A604-AB6F6B7793F8}.Release|Any CPU.Build.0 = Release|Any CPU
	EndGlobalSection
	GlobalSection(SolutionProperties) = preSolution
		HideSolutionNode = FALSE
	EndGlobalSection
	GlobalSection(ExtensibilityGlobals) = postSolution
		SolutionGuid = {3EE83F91-207F-48E0-B7F4-70902F7C4B6B}
	EndGlobalSection
EndGlobal
